
Microsoft Visual Studio Solution File, Format Version 12.00
# Visual Studio Version 17
VisualStudioVersion = 17.3.32929.385
MinimumVisualStudioVersion = 10.0.40219.1
Project("{FAE04EC0-301F-11D3-BF4B-00C04F79EFBC}") = "Dugun_Davet", "Dugun_Davet\Dugun_Davet.csproj", "{7315D81A-773F-4918-8C5B-E55A6CA64169}"
EndProject
Global
	GlobalSection(SolutionConfigurationPlatforms) = preSolution
		Debug|Any CPU = Debug|Any CPU
		Release|Any CPU = Release|Any CPU
	EndGlobalSection
	GlobalSection(ProjectConfigurationPlatforms) = postSolution
		{7315D81A-773F-4918-8C5B-E55A6CA64169}.Debug|Any CPU.ActiveCfg = Debug|Any CPU
		{7315D81A-773F-4918-8C5B-E55A6CA64169}.Debug|Any CPU.Build.0 = Debug|Any CPU
		{7315D81A-773F-4918-8C5B-E55A6CA64169}.Release|Any CPU.ActiveCfg = Release|Any CPU
		{7315D81A-773F-4918-8C5B-E55A6CA64169}.Release|Any CPU.Build.0 = Release|Any CPU
	EndGlobalSection
	GlobalSection(SolutionProperties) = preSolution
		HideSolutionNode = FALSE
	EndGlobalSection
	GlobalSection(ExtensibilityGlobals) = postSolution
		SolutionGuid = {2A279CF7-62FD-42FA-BD4A-201DD2FD28E6}
	EndGlobalSection
EndGlobal
